
Microsoft Visual Studio Solution File, Format Version 12.00
# Visual Studio 14
VisualStudioVersion = 14.0.24720.0
MinimumVisualStudioVersion = 10.0.40219.1
Project("{FAE04EC0-301F-11D3-BF4B-00C04F79EFBC}") = "Abstractions.Interfaces", "RecordUnionPrototype\Abstractions.Interfaces.csproj", "{29C7D315-2306-4BE1-97C5-6C0C7F322B6F}"
EndProject
Project("{FAE04EC0-301F-11D3-BF4B-00C04F79EFBC}") = "Abstractions.Base", "Abstractions.Base\Abstractions.Base.csproj", "{2550ECF8-ADD4-4991-9C89-8E53448EE798}"
EndProject
Project("{FAE04EC0-301F-11D3-BF4B-00C04F79EFBC}") = "Domain.Common", "Domain.Common\Domain.Common.csproj", "{61A06BE2-A7BD-4640-86CA-7846558B4832}"
EndProject
Project("{FAE04EC0-301F-11D3-BF4B-00C04F79EFBC}") = "Domain.Discovery", "Domain.Discovery\Domain.Discovery.csproj", "{DFE36485-710D-4B56-AB27-4CA1D36DE372}"
EndProject
Project("{2150E333-8FDC-42A3-9474-1A3956D46DE8}") = "Domains", "Domains", "{C149F9E4-F225-4773-9504-4A0FC5EA1849}"
EndProject
Project("{2150E333-8FDC-42A3-9474-1A3956D46DE8}") = "Abstractions", "Abstractions", "{1D7FF320-C7CC-4AEC-8353-577AD8EE9CA4}"
EndProject
Project("{8BB2217D-0F2D-49D1-97BC-3654ED321F3B}") = "Api.Common", "Api.Common\Api.Common.xproj", "{8C764A33-684B-4E97-9F75-D3062943ED1B}"
EndProject
Project("{8BB2217D-0F2D-49D1-97BC-3654ED321F3B}") = "Api.Discovery", "Api.Discovery\Api.Discovery.xproj", "{95E06481-77C1-4E86-BA13-0621BA860FB2}"
EndProject
Project("{2150E333-8FDC-42A3-9474-1A3956D46DE8}") = "WebApis", "WebApis", "{4C5AD4C7-4EF0-4EE0-84E3-6E4A24B2C166}"
EndProject
Project("{FAE04EC0-301F-11D3-BF4B-00C04F79EFBC}") = "DB.Common", "DB.Common\DB.Common.csproj", "{432CA022-B695-468C-8184-A6C8247125D1}"
EndProject
Project("{2150E333-8FDC-42A3-9474-1A3956D46DE8}") = "Database", "Database", "{3AFF2D5E-6CD6-4456-B3BC-3AF35D386D52}"
EndProject
Project("{FAE04EC0-301F-11D3-BF4B-00C04F79EFBC}") = "DB.Discovery", "DB.Discovery\DB.Discovery.csproj", "{BFBFBD2F-2B50-42A0-BEA4-A5A1726E5269}"
EndProject
Project("{FAE04EC0-301F-11D3-BF4B-00C04F79EFBC}") = "Api.Common.Models", "Api.Common.Models\Api.Common.Models.csproj", "{52D0593F-47D2-49F1-9674-E975D261C0D2}"
EndProject
Project("{FAE04EC0-301F-11D3-BF4B-00C04F79EFBC}") = "Api.Discovery.Models", "Api.Discovery.Models\Api.Discovery.Models.csproj", "{DA2180C4-EEEA-46E2-AF40-E0FD5334A458}"
EndProject
Project("{FAE04EC0-301F-11D3-BF4B-00C04F79EFBC}") = "DB.Common.Models", "DB.Common.Models\DB.Common.Models.csproj", "{9DB68EA3-D970-431D-9D11-65467EE6E0DB}"
EndProject
Project("{FAE04EC0-301F-11D3-BF4B-00C04F79EFBC}") = "DB.Discovery.Models", "DB.Discovery.Models\DB.Discovery.Models.csproj", "{3E266986-0CA3-4D26-AC86-CCEDF15FD9CC}"
EndProject
Project("{2150E333-8FDC-42A3-9474-1A3956D46DE8}") = "Models", "Models", "{FDE20F85-1657-4974-9E48-ACBA65E9D3FE}"
EndProject
Project("{FAE04EC0-301F-11D3-BF4B-00C04F79EFBC}") = "Domain.Common.Models", "Domain.Common.Models\Domain.Common.Models.csproj", "{AC9C1EC5-F18E-4DC4-A6D1-4349532B105C}"
EndProject
Project("{FAE04EC0-301F-11D3-BF4B-00C04F79EFBC}") = "Domain.Discovery.Models", "Domain.Discovery.Models\Domain.Discovery.Models.csproj", "{AB7AD9DC-35B2-44E9-8C6A-BBE8F9C049CC}"
EndProject
Project("{2150E333-8FDC-42A3-9474-1A3956D46DE8}") = "Models", "Models", "{21D32ECD-B686-48B5-A5D7-B76B2C3563C4}"
EndProject
Project("{2150E333-8FDC-42A3-9474-1A3956D46DE8}") = "Models", "Models", "{8D1C4D66-774D-415B-90A2-37395497EA33}"
EndProject
Project("{FAE04EC0-301F-11D3-BF4B-00C04F79EFBC}") = "Bootstrap", "Bootstrap\Bootstrap.csproj", "{0904A2E2-E09D-474E-90AF-150D98F470C8}"
EndProject
Project("{2150E333-8FDC-42A3-9474-1A3956D46DE8}") = "Mappers", "Mappers", "{912D36D9-7ACD-4FE4-A3EC-02895812BD9A}"
EndProject
Project("{2150E333-8FDC-42A3-9474-1A3956D46DE8}") = "ApiToCore", "ApiToCore", "{522001B6-433C-4A68-90C5-F8F05002A7D8}"
EndProject
Project("{2150E333-8FDC-42A3-9474-1A3956D46DE8}") = "CoreToApi", "CoreToApi", "{C64E434C-5162-4562-A447-0F22C4B4D634}"
EndProject
Project("{2150E333-8FDC-42A3-9474-1A3956D46DE8}") = "CoreToDB", "CoreToDB", "{9E361543-AA82-4799-88B3-3C2FEFB9B719}"
EndProject
Project("{2150E333-8FDC-42A3-9474-1A3956D46DE8}") = "DBToCore", "DBToCore", "{56E37312-B8E6-4148-8749-FDB27DD73865}"
EndProject
Project("{FAE04EC0-301F-11D3-BF4B-00C04F79EFBC}") = "ApiToCore.Common", "ApiToCore.Common\ApiToCore.Common.csproj", "{6302D61D-783E-4271-8CA6-89456AB23273}"
EndProject
Project("{FAE04EC0-301F-11D3-BF4B-00C04F79EFBC}") = "CoreToApi.Common", "CoreToApi.Common\CoreToApi.Common.csproj", "{407A0E48-5293-4DC0-8B4D-CAE6D1D349F3}"
EndProject
Project("{FAE04EC0-301F-11D3-BF4B-00C04F79EFBC}") = "CoreToDB.Common", "CoreToDB.Common\CoreToDB.Common.csproj", "{2C1ED4A3-5A17-487E-91AF-E239F7F19E87}"
EndProject
Project("{FAE04EC0-301F-11D3-BF4B-00C04F79EFBC}") = "DBToCore.Common", "DBToCore.Common\DBToCore.Common.csproj", "{2263150D-109B-48C1-998D-302E91E0DCD0}"
EndProject
Global
	GlobalSection(SolutionConfigurationPlatforms) = preSolution
		Debug|Any CPU = Debug|Any CPU
		Release|Any CPU = Release|Any CPU
	EndGlobalSection
	GlobalSection(ProjectConfigurationPlatforms) = postSolution
		{29C7D315-2306-4BE1-97C5-6C0C7F322B6F}.Debug|Any CPU.ActiveCfg = Debug|Any CPU
		{29C7D315-2306-4BE1-97C5-6C0C7F322B6F}.Debug|Any CPU.Build.0 = Debug|Any CPU
		{29C7D315-2306-4BE1-97C5-6C0C7F322B6F}.Release|Any CPU.ActiveCfg = Release|Any CPU
		{29C7D315-2306-4BE1-97C5-6C0C7F322B6F}.Release|Any CPU.Build.0 = Release|Any CPU
		{2550ECF8-ADD4-4991-9C89-8E53448EE798}.Debug|Any CPU.ActiveCfg = Debug|Any CPU
		{2550ECF8-ADD4-4991-9C89-8E53448EE798}.Debug|Any CPU.Build.0 = Debug|Any CPU
		{2550ECF8-ADD4-4991-9C89-8E53448EE798}.Release|Any CPU.ActiveCfg = Release|Any CPU
		{2550ECF8-ADD4-4991-9C89-8E53448EE798}.Release|Any CPU.Build.0 = Release|Any CPU
		{61A06BE2-A7BD-4640-86CA-7846558B4832}.Debug|Any CPU.ActiveCfg = Debug|Any CPU
		{61A06BE2-A7BD-4640-86CA-7846558B4832}.Debug|Any CPU.Build.0 = Debug|Any CPU
		{61A06BE2-A7BD-4640-86CA-7846558B4832}.Release|Any CPU.ActiveCfg = Release|Any CPU
		{61A06BE2-A7BD-4640-86CA-7846558B4832}.Release|Any CPU.Build.0 = Release|Any CPU
		{DFE36485-710D-4B56-AB27-4CA1D36DE372}.Debug|Any CPU.ActiveCfg = Debug|Any CPU
		{DFE36485-710D-4B56-AB27-4CA1D36DE372}.Debug|Any CPU.Build.0 = Debug|Any CPU
		{DFE36485-710D-4B56-AB27-4CA1D36DE372}.Release|Any CPU.ActiveCfg = Release|Any CPU
		{DFE36485-710D-4B56-AB27-4CA1D36DE372}.Release|Any CPU.Build.0 = Release|Any CPU
		{8C764A33-684B-4E97-9F75-D3062943ED1B}.Debug|Any CPU.ActiveCfg = Debug|Any CPU
		{8C764A33-684B-4E97-9F75-D3062943ED1B}.Debug|Any CPU.Build.0 = Debug|Any CPU
		{8C764A33-684B-4E97-9F75-D3062943ED1B}.Release|Any CPU.ActiveCfg = Release|Any CPU
		{8C764A33-684B-4E97-9F75-D3062943ED1B}.Release|Any CPU.Build.0 = Release|Any CPU
		{95E06481-77C1-4E86-BA13-0621BA860FB2}.Debug|Any CPU.ActiveCfg = Debug|Any CPU
		{95E06481-77C1-4E86-BA13-0621BA860FB2}.Debug|Any CPU.Build.0 = Debug|Any CPU
		{95E06481-77C1-4E86-BA13-0621BA860FB2}.Release|Any CPU.ActiveCfg = Release|Any CPU
		{95E06481-77C1-4E86-BA13-0621BA860FB2}.Release|Any CPU.Build.0 = Release|Any CPU
		{432CA022-B695-468C-8184-A6C8247125D1}.Debug|Any CPU.ActiveCfg = Debug|Any CPU
		{432CA022-B695-468C-8184-A6C8247125D1}.Debug|Any CPU.Build.0 = Debug|Any CPU
		{432CA022-B695-468C-8184-A6C8247125D1}.Release|Any CPU.ActiveCfg = Release|Any CPU
		{432CA022-B695-468C-8184-A6C8247125D1}.Release|Any CPU.Build.0 = Release|Any CPU
		{BFBFBD2F-2B50-42A0-BEA4-A5A1726E5269}.Debug|Any CPU.ActiveCfg = Debug|Any CPU
		{BFBFBD2F-2B50-42A0-BEA4-A5A1726E5269}.Debug|Any CPU.Build.0 = Debug|Any CPU
		{BFBFBD2F-2B50-42A0-BEA4-A5A1726E5269}.Release|Any CPU.ActiveCfg = Release|Any CPU
		{BFBFBD2F-2B50-42A0-BEA4-A5A1726E5269}.Release|Any CPU.Build.0 = Release|Any CPU
		{52D0593F-47D2-49F1-9674-E975D261C0D2}.Debug|Any CPU.ActiveCfg = Debug|Any CPU
		{52D0593F-47D2-49F1-9674-E975D261C0D2}.Debug|Any CPU.Build.0 = Debug|Any CPU
		{52D0593F-47D2-49F1-9674-E975D261C0D2}.Release|Any CPU.ActiveCfg = Release|Any CPU
		{52D0593F-47D2-49F1-9674-E975D261C0D2}.Release|Any CPU.Build.0 = Release|Any CPU
		{DA2180C4-EEEA-46E2-AF40-E0FD5334A458}.Debug|Any CPU.ActiveCfg = Debug|Any CPU
		{DA2180C4-EEEA-46E2-AF40-E0FD5334A458}.Debug|Any CPU.Build.0 = Debug|Any CPU
		{DA2180C4-EEEA-46E2-AF40-E0FD5334A458}.Release|Any CPU.ActiveCfg = Release|Any CPU
		{DA2180C4-EEEA-46E2-AF40-E0FD5334A458}.Release|Any CPU.Build.0 = Release|Any CPU
		{9DB68EA3-D970-431D-9D11-65467EE6E0DB}.Debug|Any CPU.ActiveCfg = Debug|Any CPU
		{9DB68EA3-D970-431D-9D11-65467EE6E0DB}.Debug|Any CPU.Build.0 = Debug|Any CPU
		{9DB68EA3-D970-431D-9D11-65467EE6E0DB}.Release|Any CPU.ActiveCfg = Release|Any CPU
		{9DB68EA3-D970-431D-9D11-65467EE6E0DB}.Release|Any CPU.Build.0 = Release|Any CPU
		{3E266986-0CA3-4D26-AC86-CCEDF15FD9CC}.Debug|Any CPU.ActiveCfg = Debug|Any CPU
		{3E266986-0CA3-4D26-AC86-CCEDF15FD9CC}.Debug|Any CPU.Build.0 = Debug|Any CPU
		{3E266986-0CA3-4D26-AC86-CCEDF15FD9CC}.Release|Any CPU.ActiveCfg = Release|Any CPU
		{3E266986-0CA3-4D26-AC86-CCEDF15FD9CC}.Release|Any CPU.Build.0 = Release|Any CPU
		{AC9C1EC5-F18E-4DC4-A6D1-4349532B105C}.Debug|Any CPU.ActiveCfg = Debug|Any CPU
		{AC9C1EC5-F18E-4DC4-A6D1-4349532B105C}.Debug|Any CPU.Build.0 = Debug|Any CPU
		{AC9C1EC5-F18E-4DC4-A6D1-4349532B105C}.Release|Any CPU.ActiveCfg = Release|Any CPU
		{AC9C1EC5-F18E-4DC4-A6D1-4349532B105C}.Release|Any CPU.Build.0 = Release|Any CPU
		{AB7AD9DC-35B2-44E9-8C6A-BBE8F9C049CC}.Debug|Any CPU.ActiveCfg = Debug|Any CPU
		{AB7AD9DC-35B2-44E9-8C6A-BBE8F9C049CC}.Debug|Any CPU.Build.0 = Debug|Any CPU
		{AB7AD9DC-35B2-44E9-8C6A-BBE8F9C049CC}.Release|Any CPU.ActiveCfg = Release|Any CPU
		{AB7AD9DC-35B2-44E9-8C6A-BBE8F9C049CC}.Release|Any CPU.Build.0 = Release|Any CPU
		{0904A2E2-E09D-474E-90AF-150D98F470C8}.Debug|Any CPU.ActiveCfg = Debug|Any CPU
		{0904A2E2-E09D-474E-90AF-150D98F470C8}.Debug|Any CPU.Build.0 = Debug|Any CPU
		{0904A2E2-E09D-474E-90AF-150D98F470C8}.Release|Any CPU.ActiveCfg = Release|Any CPU
		{0904A2E2-E09D-474E-90AF-150D98F470C8}.Release|Any CPU.Build.0 = Release|Any CPU
		{6302D61D-783E-4271-8CA6-89456AB23273}.Debug|Any CPU.ActiveCfg = Debug|Any CPU
		{6302D61D-783E-4271-8CA6-89456AB23273}.Debug|Any CPU.Build.0 = Debug|Any CPU
		{6302D61D-783E-4271-8CA6-89456AB23273}.Release|Any CPU.ActiveCfg = Release|Any CPU
		{6302D61D-783E-4271-8CA6-89456AB23273}.Release|Any CPU.Build.0 = Release|Any CPU
		{407A0E48-5293-4DC0-8B4D-CAE6D1D349F3}.Debug|Any CPU.ActiveCfg = Debug|Any CPU
		{407A0E48-5293-4DC0-8B4D-CAE6D1D349F3}.Debug|Any CPU.Build.0 = Debug|Any CPU
		{407A0E48-5293-4DC0-8B4D-CAE6D1D349F3}.Release|Any CPU.ActiveCfg = Release|Any CPU
		{407A0E48-5293-4DC0-8B4D-CAE6D1D349F3}.Release|Any CPU.Build.0 = Release|Any CPU
		{2C1ED4A3-5A17-487E-91AF-E239F7F19E87}.Debug|Any CPU.ActiveCfg = Debug|Any CPU
		{2C1ED4A3-5A17-487E-91AF-E239F7F19E87}.Debug|Any CPU.Build.0 = Debug|Any CPU
		{2C1ED4A3-5A17-487E-91AF-E239F7F19E87}.Release|Any CPU.ActiveCfg = Release|Any CPU
		{2C1ED4A3-5A17-487E-91AF-E239F7F19E87}.Release|Any CPU.Build.0 = Release|Any CPU
		{2263150D-109B-48C1-998D-302E91E0DCD0}.Debug|Any CPU.ActiveCfg = Debug|Any CPU
		{2263150D-109B-48C1-998D-302E91E0DCD0}.Debug|Any CPU.Build.0 = Debug|Any CPU
		{2263150D-109B-48C1-998D-302E91E0DCD0}.Release|Any CPU.ActiveCfg = Release|Any CPU
		{2263150D-109B-48C1-998D-302E91E0DCD0}.Release|Any CPU.Build.0 = Release|Any CPU
	EndGlobalSection
	GlobalSection(SolutionProperties) = preSolution
		HideSolutionNode = FALSE
	EndGlobalSection
	GlobalSection(NestedProjects) = preSolution
		{29C7D315-2306-4BE1-97C5-6C0C7F322B6F} = {1D7FF320-C7CC-4AEC-8353-577AD8EE9CA4}
		{2550ECF8-ADD4-4991-9C89-8E53448EE798} = {1D7FF320-C7CC-4AEC-8353-577AD8EE9CA4}
		{61A06BE2-A7BD-4640-86CA-7846558B4832} = {C149F9E4-F225-4773-9504-4A0FC5EA1849}
		{DFE36485-710D-4B56-AB27-4CA1D36DE372} = {C149F9E4-F225-4773-9504-4A0FC5EA1849}
		{8C764A33-684B-4E97-9F75-D3062943ED1B} = {4C5AD4C7-4EF0-4EE0-84E3-6E4A24B2C166}
		{95E06481-77C1-4E86-BA13-0621BA860FB2} = {4C5AD4C7-4EF0-4EE0-84E3-6E4A24B2C166}
		{432CA022-B695-468C-8184-A6C8247125D1} = {3AFF2D5E-6CD6-4456-B3BC-3AF35D386D52}
		{BFBFBD2F-2B50-42A0-BEA4-A5A1726E5269} = {3AFF2D5E-6CD6-4456-B3BC-3AF35D386D52}
		{52D0593F-47D2-49F1-9674-E975D261C0D2} = {8D1C4D66-774D-415B-90A2-37395497EA33}
		{DA2180C4-EEEA-46E2-AF40-E0FD5334A458} = {8D1C4D66-774D-415B-90A2-37395497EA33}
		{9DB68EA3-D970-431D-9D11-65467EE6E0DB} = {FDE20F85-1657-4974-9E48-ACBA65E9D3FE}
		{3E266986-0CA3-4D26-AC86-CCEDF15FD9CC} = {FDE20F85-1657-4974-9E48-ACBA65E9D3FE}
		{FDE20F85-1657-4974-9E48-ACBA65E9D3FE} = {3AFF2D5E-6CD6-4456-B3BC-3AF35D386D52}
		{AC9C1EC5-F18E-4DC4-A6D1-4349532B105C} = {21D32ECD-B686-48B5-A5D7-B76B2C3563C4}
		{AB7AD9DC-35B2-44E9-8C6A-BBE8F9C049CC} = {21D32ECD-B686-48B5-A5D7-B76B2C3563C4}
		{21D32ECD-B686-48B5-A5D7-B76B2C3563C4} = {C149F9E4-F225-4773-9504-4A0FC5EA1849}
		{8D1C4D66-774D-415B-90A2-37395497EA33} = {4C5AD4C7-4EF0-4EE0-84E3-6E4A24B2C166}
		{522001B6-433C-4A68-90C5-F8F05002A7D8} = {912D36D9-7ACD-4FE4-A3EC-02895812BD9A}
		{C64E434C-5162-4562-A447-0F22C4B4D634} = {912D36D9-7ACD-4FE4-A3EC-02895812BD9A}
		{9E361543-AA82-4799-88B3-3C2FEFB9B719} = {912D36D9-7ACD-4FE4-A3EC-02895812BD9A}
		{56E37312-B8E6-4148-8749-FDB27DD73865} = {912D36D9-7ACD-4FE4-A3EC-02895812BD9A}
		{6302D61D-783E-4271-8CA6-89456AB23273} = {522001B6-433C-4A68-90C5-F8F05002A7D8}
		{407A0E48-5293-4DC0-8B4D-CAE6D1D349F3} = {C64E434C-5162-4562-A447-0F22C4B4D634}
		{2C1ED4A3-5A17-487E-91AF-E239F7F19E87} = {9E361543-AA82-4799-88B3-3C2FEFB9B719}
		{2263150D-109B-48C1-998D-302E91E0DCD0} = {56E37312-B8E6-4148-8749-FDB27DD73865}
	EndGlobalSection
EndGlobal
